
Microsoft Visual Studio Solution File, Format Version 12.00
# Visual Studio Version 17
VisualStudioVersion = 17.10.35013.160
MinimumVisualStudioVersion = 10.0.40219.1
Project("{2150E333-8FDC-42A3-9474-1A3956D46DE8}") = "src", "src", "{4CC809B2-6DA4-479A-B0B2-86353D865808}"
EndProject
Project("{2150E333-8FDC-42A3-9474-1A3956D46DE8}") = "BackEnd", "BackEnd", "{EAB75AAE-6914-4658-B9A0-E80C0A870B4F}"
EndProject
Project("{2150E333-8FDC-42A3-9474-1A3956D46DE8}") = "FrontEnd", "FrontEnd", "{F8D93B49-6712-4E8E-B5B3-163A1DEEEF87}"
EndProject
Project("{2150E333-8FDC-42A3-9474-1A3956D46DE8}") = "Common", "Common", "{8330B76A-E58C-45A0-859A-E3F0C291EFFC}"
EndProject
Project("{2150E333-8FDC-42A3-9474-1A3956D46DE8}") = "Infraestructure", "Infraestructure", "{18AC0362-1D65-42EF-875A-D4931FFBFD96}"
EndProject
Project("{2150E333-8FDC-42A3-9474-1A3956D46DE8}") = "Modules", "Modules", "{0F6FB245-DEB0-4F7D-8910-BB339FE5B3B0}"
EndProject
Project("{2150E333-8FDC-42A3-9474-1A3956D46DE8}") = "Menu Management", "Menu Management", "{B30753A7-CE5A-4C7F-B57C-BFF937085169}"
EndProject
Project("{2150E333-8FDC-42A3-9474-1A3956D46DE8}") = "Usuario Management", "Usuario Management", "{4ADCF5FA-907F-45FD-8E9A-4D81AE48CD51}"
EndProject
Project("{2150E333-8FDC-42A3-9474-1A3956D46DE8}") = "Mesa Management", "Mesa Management", "{4F875B68-D459-41FB-B81E-5EE8A54AD266}"
EndProject
Project("{2150E333-8FDC-42A3-9474-1A3956D46DE8}") = "Apis", "Apis", "{3BAC72CE-9BCA-4737-898E-6844D9DE5C98}"
EndProject
Project("{2150E333-8FDC-42A3-9474-1A3956D46DE8}") = "Domain", "Domain", "{5F6949B1-2753-4DCA-8278-1C72B925C7CA}"
EndProject
Project("{2150E333-8FDC-42A3-9474-1A3956D46DE8}") = "Persistence", "Persistence", "{EFF8628D-8AF0-4039-83BF-B6E476E9E795}"
EndProject
Project("{2150E333-8FDC-42A3-9474-1A3956D46DE8}") = "Apis", "Apis", "{675D67AC-E4D8-4C3B-BD67-E07B7795843E}"
EndProject
Project("{2150E333-8FDC-42A3-9474-1A3956D46DE8}") = "Domain", "Domain", "{ADC0CA22-9B97-4E92-A875-0031DF9B7F90}"
EndProject
Project("{2150E333-8FDC-42A3-9474-1A3956D46DE8}") = "Persistence", "Persistence", "{2F69BBC1-E365-4FDF-B203-6C8D37CA3D2E}"
EndProject
Project("{2150E333-8FDC-42A3-9474-1A3956D46DE8}") = "Apis", "Apis", "{5D84534E-B3BA-4E02-B7F1-71C8FD61CEB6}"
EndProject
Project("{2150E333-8FDC-42A3-9474-1A3956D46DE8}") = "Domain", "Domain", "{9F3232C4-5319-42D0-854C-C0021C68B45E}"
EndProject
Project("{2150E333-8FDC-42A3-9474-1A3956D46DE8}") = "Persistence", "Persistence", "{63A4D27A-2BB6-46A5-B43A-5BA8B5FD3256}"
EndProject
Project("{9A19103F-16F7-4668-BE54-9A1E7A4F7556}") = "BoletoBus.Common.Data", "BoletoBus.Common.Data\BoletoBus.Common.Data.csproj", "{44B8EA34-2282-45B1-AD45-9BE52F0AE1AD}"
EndProject
Project("{2150E333-8FDC-42A3-9474-1A3956D46DE8}") = "Application", "Application", "{22CA0265-991E-4163-A571-AE7690FB32C3}"
EndProject
Project("{2150E333-8FDC-42A3-9474-1A3956D46DE8}") = "Application", "Application", "{626D2734-CFD3-4A00-A829-AC48C55DB428}"
EndProject
Project("{2150E333-8FDC-42A3-9474-1A3956D46DE8}") = "Application", "Application", "{15097CB1-964E-4927-B10F-6B205554EBCA}"
EndProject
Project("{9A19103F-16F7-4668-BE54-9A1E7A4F7556}") = "BoletoBus.Mesa.Application", "BoletoBus.Mesa.Application\BoletoBus.Mesa.Application.csproj", "{163FEE1C-F12D-4CD4-8220-5809FD6F2C1B}"
EndProject
Project("{9A19103F-16F7-4668-BE54-9A1E7A4F7556}") = "BoletoBus.Infraestructure", "BoletoBus.Infraestructure\BoletoBus.Infraestructure.csproj", "{6EDF381C-CAE2-4CC4-8649-1B0194A381C2}"
EndProject
Project("{9A19103F-16F7-4668-BE54-9A1E7A4F7556}") = "BoletoBus.Mesa.Domain", "BoletoBus.Mesa.Domain\BoletoBus.Mesa.Domain.csproj", "{33FCE7F1-3393-4BAA-9505-B35452145A91}"
EndProject
Project("{9A19103F-16F7-4668-BE54-9A1E7A4F7556}") = "BoletoBus.Mesa.Persistence", "BoletoBus.Mesa.Persistence\BoletoBus.Mesa.Persistence.csproj", "{798FEDA7-B9EE-4AB5-963F-16F60349777E}"
EndProject
Project("{9A19103F-16F7-4668-BE54-9A1E7A4F7556}") = "BoletoBus.Mesa.Api", "BoletoBus.Mesa.Api\BoletoBus.Mesa.Api.csproj", "{1F721E02-2CBD-4D4B-B7BE-B61013E4166D}"
EndProject
Project("{9A19103F-16F7-4668-BE54-9A1E7A4F7556}") = "BoletoBus.Usuario.Api", "BoletoBus.Usuario.Api\BoletoBus.Usuario.Api.csproj", "{ECA50564-5589-4C1C-9E1F-3EA78458BF50}"
EndProject
Project("{9A19103F-16F7-4668-BE54-9A1E7A4F7556}") = "BoletoBus.Menu.Api", "BoletoBus.Menu.Api\BoletoBus.Menu.Api.csproj", "{AEEE5F0E-F8D6-46DE-9E68-DDFE90E0CEDE}"
EndProject
Project("{9A19103F-16F7-4668-BE54-9A1E7A4F7556}") = "BoletoBus.Usuario.Application", "BoletoBus.Usuario.Application\BoletoBus.Usuario.Application.csproj", "{6F442405-6ADA-4340-98E1-C83A8DEAE064}"
EndProject
Project("{9A19103F-16F7-4668-BE54-9A1E7A4F7556}") = "BoletoBus.Menu.Application", "BoletoBus.Menu.Application\BoletoBus.Menu.Application.csproj", "{CC87DAE4-8595-4E9A-A1CB-477394984EC3}"
EndProject
Project("{9A19103F-16F7-4668-BE54-9A1E7A4F7556}") = "BoletoBus.Menu.Domain", "BoletoBus.Menu.Domain\BoletoBus.Menu.Domain.csproj", "{7BA86593-EE91-4ED3-8984-E86024BA8B3D}"
EndProject
Project("{9A19103F-16F7-4668-BE54-9A1E7A4F7556}") = "BoletoBus.Menu.Persistence", "BoletoBus.Menu.Persistence\BoletoBus.Menu.Persistence.csproj", "{3BE256A7-F395-43ED-8B5F-45948737B9F2}"
EndProject
Project("{9A19103F-16F7-4668-BE54-9A1E7A4F7556}") = "BoletoBus.Usuario.Domain", "BoletoBus.Usuario.Domain\BoletoBus.Usuario.Domain.csproj", "{DE10FF97-D221-44C8-9BEE-721D3F859CF5}"
EndProject
Project("{9A19103F-16F7-4668-BE54-9A1E7A4F7556}") = "BoletoBus.Usuario.Persistence", "BoletoBus.Usuario.Persistence\BoletoBus.Usuario.Persistence.csproj", "{71DC4CEC-7BB5-4018-9C66-31827AFB2DBC}"
EndProject
Project("{2150E333-8FDC-42A3-9474-1A3956D46DE8}") = "Entities Management", "Entities Management", "{F88526D5-D26F-446E-8DEF-92705E76CCD9}"
EndProject
Project("{2150E333-8FDC-42A3-9474-1A3956D46DE8}") = "Persistence", "Persistence", "{47677C0F-97F4-4B0F-89E4-17BB80E32DFD}"
EndProject
Project("{2150E333-8FDC-42A3-9474-1A3956D46DE8}") = "Domain", "Domain", "{24ECD7A7-144B-4772-9ADD-CE26D32438A7}"
EndProject
Project("{2150E333-8FDC-42A3-9474-1A3956D46DE8}") = "Application", "Application", "{CB61777A-8A03-4D71-A026-ACFAAAB3A1A5}"
EndProject
Project("{2150E333-8FDC-42A3-9474-1A3956D46DE8}") = "Apis", "Apis", "{F45EEDD0-03A6-468D-88F0-71CD83679C01}"
EndProject
Project("{FAE04EC0-301F-11D3-BF4B-00C04F79EFBC}") = "BoletoBus.Entitys.Api", "BoletoBus.Entitys.Apis\BoletoBus.Entitys.Api.csproj", "{6C78922C-AE95-4052-B642-E9F03E21CB46}"
EndProject
Project("{FAE04EC0-301F-11D3-BF4B-00C04F79EFBC}") = "BoletoBus.Entities.Application", "BoletoBus.Entitys.Application\BoletoBus.Entities.Application.csproj", "{9D21557B-06E9-433B-80F1-DE099301295A}"
EndProject
Project("{FAE04EC0-301F-11D3-BF4B-00C04F79EFBC}") = "BoletoBus.Entities.Domain", "BoletoBus.Entitys.Domain\BoletoBus.Entities.Domain.csproj", "{56D07347-BC0C-4E4A-9B3E-B490D58FE1F3}"
EndProject
Global
	GlobalSection(SolutionConfigurationPlatforms) = preSolution
		Debug|Any CPU = Debug|Any CPU
		Release|Any CPU = Release|Any CPU
	EndGlobalSection
	GlobalSection(ProjectConfigurationPlatforms) = postSolution
		{44B8EA34-2282-45B1-AD45-9BE52F0AE1AD}.Debug|Any CPU.ActiveCfg = Debug|Any CPU
		{44B8EA34-2282-45B1-AD45-9BE52F0AE1AD}.Debug|Any CPU.Build.0 = Debug|Any CPU
		{44B8EA34-2282-45B1-AD45-9BE52F0AE1AD}.Release|Any CPU.ActiveCfg = Release|Any CPU
		{44B8EA34-2282-45B1-AD45-9BE52F0AE1AD}.Release|Any CPU.Build.0 = Release|Any CPU
		{163FEE1C-F12D-4CD4-8220-5809FD6F2C1B}.Debug|Any CPU.ActiveCfg = Debug|Any CPU
		{163FEE1C-F12D-4CD4-8220-5809FD6F2C1B}.Debug|Any CPU.Build.0 = Debug|Any CPU
		{163FEE1C-F12D-4CD4-8220-5809FD6F2C1B}.Release|Any CPU.ActiveCfg = Release|Any CPU
		{163FEE1C-F12D-4CD4-8220-5809FD6F2C1B}.Release|Any CPU.Build.0 = Release|Any CPU
		{6EDF381C-CAE2-4CC4-8649-1B0194A381C2}.Debug|Any CPU.ActiveCfg = Debug|Any CPU
		{6EDF381C-CAE2-4CC4-8649-1B0194A381C2}.Debug|Any CPU.Build.0 = Debug|Any CPU
		{6EDF381C-CAE2-4CC4-8649-1B0194A381C2}.Release|Any CPU.ActiveCfg = Release|Any CPU
		{6EDF381C-CAE2-4CC4-8649-1B0194A381C2}.Release|Any CPU.Build.0 = Release|Any CPU
		{33FCE7F1-3393-4BAA-9505-B35452145A91}.Debug|Any CPU.ActiveCfg = Debug|Any CPU
		{33FCE7F1-3393-4BAA-9505-B35452145A91}.Debug|Any CPU.Build.0 = Debug|Any CPU
		{33FCE7F1-3393-4BAA-9505-B35452145A91}.Release|Any CPU.ActiveCfg = Release|Any CPU
		{33FCE7F1-3393-4BAA-9505-B35452145A91}.Release|Any CPU.Build.0 = Release|Any CPU
		{798FEDA7-B9EE-4AB5-963F-16F60349777E}.Debug|Any CPU.ActiveCfg = Debug|Any CPU
		{798FEDA7-B9EE-4AB5-963F-16F60349777E}.Debug|Any CPU.Build.0 = Debug|Any CPU
		{798FEDA7-B9EE-4AB5-963F-16F60349777E}.Release|Any CPU.ActiveCfg = Release|Any CPU
		{798FEDA7-B9EE-4AB5-963F-16F60349777E}.Release|Any CPU.Build.0 = Release|Any CPU
		{1F721E02-2CBD-4D4B-B7BE-B61013E4166D}.Debug|Any CPU.ActiveCfg = Debug|Any CPU
		{1F721E02-2CBD-4D4B-B7BE-B61013E4166D}.Debug|Any CPU.Build.0 = Debug|Any CPU
		{1F721E02-2CBD-4D4B-B7BE-B61013E4166D}.Release|Any CPU.ActiveCfg = Release|Any CPU
		{1F721E02-2CBD-4D4B-B7BE-B61013E4166D}.Release|Any CPU.Build.0 = Release|Any CPU
		{ECA50564-5589-4C1C-9E1F-3EA78458BF50}.Debug|Any CPU.ActiveCfg = Debug|Any CPU
		{ECA50564-5589-4C1C-9E1F-3EA78458BF50}.Debug|Any CPU.Build.0 = Debug|Any CPU
		{ECA50564-5589-4C1C-9E1F-3EA78458BF50}.Release|Any CPU.ActiveCfg = Release|Any CPU
		{ECA50564-5589-4C1C-9E1F-3EA78458BF50}.Release|Any CPU.Build.0 = Release|Any CPU
		{AEEE5F0E-F8D6-46DE-9E68-DDFE90E0CEDE}.Debug|Any CPU.ActiveCfg = Debug|Any CPU
		{AEEE5F0E-F8D6-46DE-9E68-DDFE90E0CEDE}.Debug|Any CPU.Build.0 = Debug|Any CPU
		{AEEE5F0E-F8D6-46DE-9E68-DDFE90E0CEDE}.Release|Any CPU.ActiveCfg = Release|Any CPU
		{AEEE5F0E-F8D6-46DE-9E68-DDFE90E0CEDE}.Release|Any CPU.Build.0 = Release|Any CPU
		{6F442405-6ADA-4340-98E1-C83A8DEAE064}.Debug|Any CPU.ActiveCfg = Debug|Any CPU
		{6F442405-6ADA-4340-98E1-C83A8DEAE064}.Debug|Any CPU.Build.0 = Debug|Any CPU
		{6F442405-6ADA-4340-98E1-C83A8DEAE064}.Release|Any CPU.ActiveCfg = Release|Any CPU
		{6F442405-6ADA-4340-98E1-C83A8DEAE064}.Release|Any CPU.Build.0 = Release|Any CPU
		{CC87DAE4-8595-4E9A-A1CB-477394984EC3}.Debug|Any CPU.ActiveCfg = Debug|Any CPU
		{CC87DAE4-8595-4E9A-A1CB-477394984EC3}.Debug|Any CPU.Build.0 = Debug|Any CPU
		{CC87DAE4-8595-4E9A-A1CB-477394984EC3}.Release|Any CPU.ActiveCfg = Release|Any CPU
		{CC87DAE4-8595-4E9A-A1CB-477394984EC3}.Release|Any CPU.Build.0 = Release|Any CPU
		{7BA86593-EE91-4ED3-8984-E86024BA8B3D}.Debug|Any CPU.ActiveCfg = Debug|Any CPU
		{7BA86593-EE91-4ED3-8984-E86024BA8B3D}.Debug|Any CPU.Build.0 = Debug|Any CPU
		{7BA86593-EE91-4ED3-8984-E86024BA8B3D}.Release|Any CPU.ActiveCfg = Release|Any CPU
		{7BA86593-EE91-4ED3-8984-E86024BA8B3D}.Release|Any CPU.Build.0 = Release|Any CPU
		{3BE256A7-F395-43ED-8B5F-45948737B9F2}.Debug|Any CPU.ActiveCfg = Debug|Any CPU
		{3BE256A7-F395-43ED-8B5F-45948737B9F2}.Debug|Any CPU.Build.0 = Debug|Any CPU
		{3BE256A7-F395-43ED-8B5F-45948737B9F2}.Release|Any CPU.ActiveCfg = Release|Any CPU
		{3BE256A7-F395-43ED-8B5F-45948737B9F2}.Release|Any CPU.Build.0 = Release|Any CPU
		{DE10FF97-D221-44C8-9BEE-721D3F859CF5}.Debug|Any CPU.ActiveCfg = Debug|Any CPU
		{DE10FF97-D221-44C8-9BEE-721D3F859CF5}.Debug|Any CPU.Build.0 = Debug|Any CPU
		{DE10FF97-D221-44C8-9BEE-721D3F859CF5}.Release|Any CPU.ActiveCfg = Release|Any CPU
		{DE10FF97-D221-44C8-9BEE-721D3F859CF5}.Release|Any CPU.Build.0 = Release|Any CPU
		{71DC4CEC-7BB5-4018-9C66-31827AFB2DBC}.Debug|Any CPU.ActiveCfg = Debug|Any CPU
		{71DC4CEC-7BB5-4018-9C66-31827AFB2DBC}.Debug|Any CPU.Build.0 = Debug|Any CPU
		{71DC4CEC-7BB5-4018-9C66-31827AFB2DBC}.Release|Any CPU.ActiveCfg = Release|Any CPU
		{71DC4CEC-7BB5-4018-9C66-31827AFB2DBC}.Release|Any CPU.Build.0 = Release|Any CPU
		{6C78922C-AE95-4052-B642-E9F03E21CB46}.Debug|Any CPU.ActiveCfg = Debug|Any CPU
		{6C78922C-AE95-4052-B642-E9F03E21CB46}.Debug|Any CPU.Build.0 = Debug|Any CPU
		{6C78922C-AE95-4052-B642-E9F03E21CB46}.Release|Any CPU.ActiveCfg = Release|Any CPU
		{6C78922C-AE95-4052-B642-E9F03E21CB46}.Release|Any CPU.Build.0 = Release|Any CPU
		{9D21557B-06E9-433B-80F1-DE099301295A}.Debug|Any CPU.ActiveCfg = Debug|Any CPU
		{9D21557B-06E9-433B-80F1-DE099301295A}.Debug|Any CPU.Build.0 = Debug|Any CPU
		{9D21557B-06E9-433B-80F1-DE099301295A}.Release|Any CPU.ActiveCfg = Release|Any CPU
		{9D21557B-06E9-433B-80F1-DE099301295A}.Release|Any CPU.Build.0 = Release|Any CPU
		{56D07347-BC0C-4E4A-9B3E-B490D58FE1F3}.Debug|Any CPU.ActiveCfg = Debug|Any CPU
		{56D07347-BC0C-4E4A-9B3E-B490D58FE1F3}.Debug|Any CPU.Build.0 = Debug|Any CPU
		{56D07347-BC0C-4E4A-9B3E-B490D58FE1F3}.Release|Any CPU.ActiveCfg = Release|Any CPU
		{56D07347-BC0C-4E4A-9B3E-B490D58FE1F3}.Release|Any CPU.Build.0 = Release|Any CPU
	EndGlobalSection
	GlobalSection(SolutionProperties) = preSolution
		HideSolutionNode = FALSE
	EndGlobalSection
	GlobalSection(NestedProjects) = preSolution
		{EAB75AAE-6914-4658-B9A0-E80C0A870B4F} = {4CC809B2-6DA4-479A-B0B2-86353D865808}
		{F8D93B49-6712-4E8E-B5B3-163A1DEEEF87} = {4CC809B2-6DA4-479A-B0B2-86353D865808}
		{8330B76A-E58C-45A0-859A-E3F0C291EFFC} = {EAB75AAE-6914-4658-B9A0-E80C0A870B4F}
		{18AC0362-1D65-42EF-875A-D4931FFBFD96} = {EAB75AAE-6914-4658-B9A0-E80C0A870B4F}
		{0F6FB245-DEB0-4F7D-8910-BB339FE5B3B0} = {EAB75AAE-6914-4658-B9A0-E80C0A870B4F}
		{B30753A7-CE5A-4C7F-B57C-BFF937085169} = {0F6FB245-DEB0-4F7D-8910-BB339FE5B3B0}
		{4ADCF5FA-907F-45FD-8E9A-4D81AE48CD51} = {0F6FB245-DEB0-4F7D-8910-BB339FE5B3B0}
		{4F875B68-D459-41FB-B81E-5EE8A54AD266} = {0F6FB245-DEB0-4F7D-8910-BB339FE5B3B0}
		{3BAC72CE-9BCA-4737-898E-6844D9DE5C98} = {4ADCF5FA-907F-45FD-8E9A-4D81AE48CD51}
		{5F6949B1-2753-4DCA-8278-1C72B925C7CA} = {4ADCF5FA-907F-45FD-8E9A-4D81AE48CD51}
		{EFF8628D-8AF0-4039-83BF-B6E476E9E795} = {4ADCF5FA-907F-45FD-8E9A-4D81AE48CD51}
		{675D67AC-E4D8-4C3B-BD67-E07B7795843E} = {4F875B68-D459-41FB-B81E-5EE8A54AD266}
		{ADC0CA22-9B97-4E92-A875-0031DF9B7F90} = {4F875B68-D459-41FB-B81E-5EE8A54AD266}
		{2F69BBC1-E365-4FDF-B203-6C8D37CA3D2E} = {4F875B68-D459-41FB-B81E-5EE8A54AD266}
		{5D84534E-B3BA-4E02-B7F1-71C8FD61CEB6} = {B30753A7-CE5A-4C7F-B57C-BFF937085169}
		{9F3232C4-5319-42D0-854C-C0021C68B45E} = {B30753A7-CE5A-4C7F-B57C-BFF937085169}
		{63A4D27A-2BB6-46A5-B43A-5BA8B5FD3256} = {B30753A7-CE5A-4C7F-B57C-BFF937085169}
		{44B8EA34-2282-45B1-AD45-9BE52F0AE1AD} = {8330B76A-E58C-45A0-859A-E3F0C291EFFC}
		{22CA0265-991E-4163-A571-AE7690FB32C3} = {4ADCF5FA-907F-45FD-8E9A-4D81AE48CD51}
		{626D2734-CFD3-4A00-A829-AC48C55DB428} = {4F875B68-D459-41FB-B81E-5EE8A54AD266}
		{15097CB1-964E-4927-B10F-6B205554EBCA} = {B30753A7-CE5A-4C7F-B57C-BFF937085169}
		{163FEE1C-F12D-4CD4-8220-5809FD6F2C1B} = {626D2734-CFD3-4A00-A829-AC48C55DB428}
		{6EDF381C-CAE2-4CC4-8649-1B0194A381C2} = {18AC0362-1D65-42EF-875A-D4931FFBFD96}
		{33FCE7F1-3393-4BAA-9505-B35452145A91} = {ADC0CA22-9B97-4E92-A875-0031DF9B7F90}
		{798FEDA7-B9EE-4AB5-963F-16F60349777E} = {2F69BBC1-E365-4FDF-B203-6C8D37CA3D2E}
		{1F721E02-2CBD-4D4B-B7BE-B61013E4166D} = {675D67AC-E4D8-4C3B-BD67-E07B7795843E}
		{ECA50564-5589-4C1C-9E1F-3EA78458BF50} = {3BAC72CE-9BCA-4737-898E-6844D9DE5C98}
		{AEEE5F0E-F8D6-46DE-9E68-DDFE90E0CEDE} = {5D84534E-B3BA-4E02-B7F1-71C8FD61CEB6}
		{6F442405-6ADA-4340-98E1-C83A8DEAE064} = {22CA0265-991E-4163-A571-AE7690FB32C3}
		{CC87DAE4-8595-4E9A-A1CB-477394984EC3} = {15097CB1-964E-4927-B10F-6B205554EBCA}
		{7BA86593-EE91-4ED3-8984-E86024BA8B3D} = {9F3232C4-5319-42D0-854C-C0021C68B45E}
		{3BE256A7-F395-43ED-8B5F-45948737B9F2} = {63A4D27A-2BB6-46A5-B43A-5BA8B5FD3256}
		{DE10FF97-D221-44C8-9BEE-721D3F859CF5} = {5F6949B1-2753-4DCA-8278-1C72B925C7CA}
		{71DC4CEC-7BB5-4018-9C66-31827AFB2DBC} = {EFF8628D-8AF0-4039-83BF-B6E476E9E795}
		{F88526D5-D26F-446E-8DEF-92705E76CCD9} = {0F6FB245-DEB0-4F7D-8910-BB339FE5B3B0}
		{47677C0F-97F4-4B0F-89E4-17BB80E32DFD} = {F88526D5-D26F-446E-8DEF-92705E76CCD9}
		{24ECD7A7-144B-4772-9ADD-CE26D32438A7} = {F88526D5-D26F-446E-8DEF-92705E76CCD9}
		{CB61777A-8A03-4D71-A026-ACFAAAB3A1A5} = {F88526D5-D26F-446E-8DEF-92705E76CCD9}
		{F45EEDD0-03A6-468D-88F0-71CD83679C01} = {F88526D5-D26F-446E-8DEF-92705E76CCD9}
		{6C78922C-AE95-4052-B642-E9F03E21CB46} = {F45EEDD0-03A6-468D-88F0-71CD83679C01}
		{9D21557B-06E9-433B-80F1-DE099301295A} = {CB61777A-8A03-4D71-A026-ACFAAAB3A1A5}
		{56D07347-BC0C-4E4A-9B3E-B490D58FE1F3} = {24ECD7A7-144B-4772-9ADD-CE26D32438A7}
	EndGlobalSection
	GlobalSection(ExtensibilityGlobals) = postSolution
		SolutionGuid = {3DC1A99C-B9AD-42B1-9814-338588B0FB1D}
	EndGlobalSection
EndGlobal
